
Microsoft Visual Studio Solution File, Format Version 11.00
# Visual Studio 2010
Project("{FAE04EC0-301F-11D3-BF4B-00C04F79EFBC}") = "Kinova.GUI.JacoUbuntu", "Kinova.GUI.JacoUbuntu.csproj", "{DF53170D-6DCE-416E-BF6B-4DC421EA1C29}"
EndProject
Global
	GlobalSection(SolutionConfigurationPlatforms) = preSolution
		Debug|x86 = Debug|x86
		Release|x86 = Release|x86
	EndGlobalSection
	GlobalSection(ProjectConfigurationPlatforms) = postSolution
		{DF53170D-6DCE-416E-BF6B-4DC421EA1C29}.Debug|x86.ActiveCfg = Debug|x86
		{DF53170D-6DCE-416E-BF6B-4DC421EA1C29}.Debug|x86.Build.0 = Debug|x86
		{DF53170D-6DCE-416E-BF6B-4DC421EA1C29}.Release|x86.ActiveCfg = Release|x86
		{DF53170D-6DCE-416E-BF6B-4DC421EA1C29}.Release|x86.Build.0 = Release|x86
	EndGlobalSection
	GlobalSection(MonoDevelopProperties) = preSolution
		StartupItem = Kinova.GUI.JacoUbuntu.csproj
	EndGlobalSection
EndGlobal
